
Microsoft Visual Studio Solution File, Format Version 12.00
# Visual Studio Version 16
VisualStudioVersion = 16.0.29519.87
MinimumVisualStudioVersion = 10.0.40219.1
Project("{FAE04EC0-301F-11D3-BF4B-00C04F79EFBC}") = "Day6", "Day6.csproj", "{EC22080A-5861-448A-9DF7-07CD764F0D24}"
EndProject
Global
	GlobalSection(SolutionConfigurationPlatforms) = preSolution
		Debug|Any CPU = Debug|Any CPU
		Release|Any CPU = Release|Any CPU
	EndGlobalSection
	GlobalSection(ProjectConfigurationPlatforms) = postSolution
		{EC22080A-5861-448A-9DF7-07CD764F0D24}.Debug|Any CPU.ActiveCfg = Debug|Any CPU
		{EC22080A-5861-448A-9DF7-07CD764F0D24}.Debug|Any CPU.Build.0 = Debug|Any CPU
		{EC22080A-5861-448A-9DF7-07CD764F0D24}.Release|Any CPU.ActiveCfg = Release|Any CPU
		{EC22080A-5861-448A-9DF7-07CD764F0D24}.Release|Any CPU.Build.0 = Release|Any CPU
	EndGlobalSection
	GlobalSection(SolutionProperties) = preSolution
		HideSolutionNode = FALSE
	EndGlobalSection
	GlobalSection(ExtensibilityGlobals) = postSolution
		SolutionGuid = {B8D35BD7-06B4-49E9-AA47-634C3B7483CC}
	EndGlobalSection
EndGlobal
