
Microsoft Visual Studio Solution File, Format Version 12.00
# Visual Studio Version 16
VisualStudioVersion = 16.0.29519.87
MinimumVisualStudioVersion = 10.0.40219.1
Project("{FAE04EC0-301F-11D3-BF4B-00C04F79EFBC}") = "Day5", "Day5.csproj", "{C99D21E3-CD9F-4654-844A-D5D5DD6351E1}"
EndProject
Global
	GlobalSection(SolutionConfigurationPlatforms) = preSolution
		Debug|Any CPU = Debug|Any CPU
		Release|Any CPU = Release|Any CPU
	EndGlobalSection
	GlobalSection(ProjectConfigurationPlatforms) = postSolution
		{C99D21E3-CD9F-4654-844A-D5D5DD6351E1}.Debug|Any CPU.ActiveCfg = Debug|Any CPU
		{C99D21E3-CD9F-4654-844A-D5D5DD6351E1}.Debug|Any CPU.Build.0 = Debug|Any CPU
		{C99D21E3-CD9F-4654-844A-D5D5DD6351E1}.Release|Any CPU.ActiveCfg = Release|Any CPU
		{C99D21E3-CD9F-4654-844A-D5D5DD6351E1}.Release|Any CPU.Build.0 = Release|Any CPU
	EndGlobalSection
	GlobalSection(SolutionProperties) = preSolution
		HideSolutionNode = FALSE
	EndGlobalSection
	GlobalSection(ExtensibilityGlobals) = postSolution
		SolutionGuid = {35020CBD-A5E0-400E-986D-1DBC9787B14C}
	EndGlobalSection
EndGlobal
